
Microsoft Visual Studio Solution File, Format Version 12.00
# Visual Studio 15
VisualStudioVersion = 15.0.28307.572
MinimumVisualStudioVersion = 10.0.40219.1
Project("{8BC9CEB8-8B4A-11D0-8D11-00A0C91BC942}") = "cw10 str69", "cw10 str69\cw10 str69.vcxproj", "{7060C7D0-47A5-40E0-AE32-88A40C687DAE}"
EndProject
Global
	GlobalSection(SolutionConfigurationPlatforms) = preSolution
		Debug|x64 = Debug|x64
		Debug|x86 = Debug|x86
		Release|x64 = Release|x64
		Release|x86 = Release|x86
	EndGlobalSection
	GlobalSection(ProjectConfigurationPlatforms) = postSolution
		{7060C7D0-47A5-40E0-AE32-88A40C687DAE}.Debug|x64.ActiveCfg = Debug|x64
		{7060C7D0-47A5-40E0-AE32-88A40C687DAE}.Debug|x64.Build.0 = Debug|x64
		{7060C7D0-47A5-40E0-AE32-88A40C687DAE}.Debug|x86.ActiveCfg = Debug|Win32
		{7060C7D0-47A5-40E0-AE32-88A40C687DAE}.Debug|x86.Build.0 = Debug|Win32
		{7060C7D0-47A5-40E0-AE32-88A40C687DAE}.Release|x64.ActiveCfg = Release|x64
		{7060C7D0-47A5-40E0-AE32-88A40C687DAE}.Release|x64.Build.0 = Release|x64
		{7060C7D0-47A5-40E0-AE32-88A40C687DAE}.Release|x86.ActiveCfg = Release|Win32
		{7060C7D0-47A5-40E0-AE32-88A40C687DAE}.Release|x86.Build.0 = Release|Win32
	EndGlobalSection
	GlobalSection(SolutionProperties) = preSolution
		HideSolutionNode = FALSE
	EndGlobalSection
	GlobalSection(ExtensibilityGlobals) = postSolution
		SolutionGuid = {ECE11611-0672-42EA-8737-72D57CA7B7EB}
	EndGlobalSection
EndGlobal
